// !$*UTF8*$!
{
	archiveVersion = 1;
	classes = {
	};
	objectVersion = 50;
	objects = {

/* Begin PBXFileReference section */
		FB62ADBA24DC302D0039797B /* Templates */ = {isa = PBXFileReference; lastKnownFileType = folder; path = Templates; sourceTree = "<group>"; };
/* End PBXFileReference section */

/* Begin PBXGroup section */
		FB306A9624DC301600265BBB = {
			isa = PBXGroup;
			children = (
				FB62ADBA24DC302D0039797B /* Templates */,
			);
			sourceTree = "<group>";
		};
/* End PBXGroup section */

/* Begin PBXProject section */
		FB306A9724DC301600265BBB /* Project object */ = {
			isa = PBXProject;
			attributes = {
				LastUpgradeCheck = 1160;
			};
			buildConfigurationList = FB306A9A24DC301600265BBB /* Build configuration list for PBXProject "tcatemplates" */;
			compatibilityVersion = "Xcode 9.3";
			developmentRegion = en;
			hasScannedForEncodings = 0;
			knownRegions = (
				en,
				Base,
			);
			mainGroup = FB306A9624DC301600265BBB;
			projectDirPath = "";
			projectRoot = "";
			targets = (
			);
		};
/* End PBXProject section */

/* Begin XCBuildConfiguration section */
		FB306A9B24DC301600265BBB /* Debug */ = {
			isa = XCBuildConfiguration;
			buildSettings = {
			};
			name = Debug;
		};
		FB306A9C24DC301600265BBB /* Release */ = {
			isa = XCBuildConfiguration;
			buildSettings = {
			};
			name = Release;
		};
/* End XCBuildConfiguration section */

/* Begin XCConfigurationList section */
		FB306A9A24DC301600265BBB /* Build configuration list for PBXProject "tcatemplates" */ = {
			isa = XCConfigurationList;
			buildConfigurations = (
				FB306A9B24DC301600265BBB /* Debug */,
				FB306A9C24DC301600265BBB /* Release */,
			);
			defaultConfigurationIsVisible = 0;
			defaultConfigurationName = Release;
		};
/* End XCConfigurationList section */
	};
	rootObject = FB306A9724DC301600265BBB /* Project object */;
}
